// !$*UTF8*$!
{
	archiveVersion = 1;
	classes = {
	};
	objectVersion = 46;
	objects = {

/* Begin PBXBuildFile section */
		331C3C721CBAE50C005B65CD /* StudentLocationModel.swift in Sources */ = {isa = PBXBuildFile; fileRef = 331C3C711CBAE50C005B65CD /* StudentLocationModel.swift */; };
		331C3C741CBC6EBD005B65CD /* LocationAnnotation.swift in Sources */ = {isa = PBXBuildFile; fileRef = 331C3C731CBC6EBD005B65CD /* LocationAnnotation.swift */; };
		331C3C761CBCA786005B65CD /* FBSDKCoreKit.framework in Frameworks */ = {isa = PBXBuildFile; fileRef = 331C3C751CBCA786005B65CD /* FBSDKCoreKit.framework */; };
		331C3C791CBCB63F005B65CD /* FBSDKLoginKit.framework in Frameworks */ = {isa = PBXBuildFile; fileRef = 331C3C781CBCB63F005B65CD /* FBSDKLoginKit.framework */; };
		331C3C7B1CBD5B6C005B65CD /* SystemConfiguration.framework in Frameworks */ = {isa = PBXBuildFile; fileRef = 331C3C7A1CBD5B6C005B65CD /* SystemConfiguration.framework */; };
		331C3C7E1CBD5C9C005B65CD /* Reachability.m in Sources */ = {isa = PBXBuildFile; fileRef = 331C3C7D1CBD5C9C005B65CD /* Reachability.m */; };
		331C3C801CBE091F005B65CD /* CoreLocation.framework in Frameworks */ = {isa = PBXBuildFile; fileRef = 331C3C7F1CBE091F005B65CD /* CoreLocation.framework */; };
		333C70301CB834FD00E90E2A /* NetworkArchitecture.swift in Sources */ = {isa = PBXBuildFile; fileRef = 333C702F1CB834FD00E90E2A /* NetworkArchitecture.swift */; };
		333C70321CB835AD00E90E2A /* BaseVC.swift in Sources */ = {isa = PBXBuildFile; fileRef = 333C70311CB835AD00E90E2A /* BaseVC.swift */; };
		33BF603B1CB468D700B40D6D /* AppDelegate.swift in Sources */ = {isa = PBXBuildFile; fileRef = 33BF603A1CB468D700B40D6D /* AppDelegate.swift */; };
		33BF60401CB468D700B40D6D /* Main.storyboard in Resources */ = {isa = PBXBuildFile; fileRef = 33BF603E1CB468D700B40D6D /* Main.storyboard */; };
		33BF60421CB468D700B40D6D /* Assets.xcassets in Resources */ = {isa = PBXBuildFile; fileRef = 33BF60411CB468D700B40D6D /* Assets.xcassets */; };
		33BF60451CB468D700B40D6D /* LaunchScreen.storyboard in Resources */ = {isa = PBXBuildFile; fileRef = 33BF60431CB468D700B40D6D /* LaunchScreen.storyboard */; };
		33BF604D1CB48BE600B40D6D /* LoginVC.swift in Sources */ = {isa = PBXBuildFile; fileRef = 33BF604C1CB48BE600B40D6D /* LoginVC.swift */; };
		33BF604F1CB48BF700B40D6D /* MapVC.swift in Sources */ = {isa = PBXBuildFile; fileRef = 33BF604E1CB48BF700B40D6D /* MapVC.swift */; };
		33BF60511CB48BFF00B40D6D /* TableVC.swift in Sources */ = {isa = PBXBuildFile; fileRef = 33BF60501CB48BFF00B40D6D /* TableVC.swift */; };
		33BF60531CB48C0D00B40D6D /* InfoPostingVC.swift in Sources */ = {isa = PBXBuildFile; fileRef = 33BF60521CB48C0D00B40D6D /* InfoPostingVC.swift */; };
		33FC2F651CB5944100039C8F /* MapKit.framework in Frameworks */ = {isa = PBXBuildFile; fileRef = 33FC2F641CB5944100039C8F /* MapKit.framework */; };
/* End PBXBuildFile section */

/* Begin PBXFileReference section */
		331C3C711CBAE50C005B65CD /* StudentLocationModel.swift */ = {isa = PBXFileReference; fileEncoding = 4; lastKnownFileType = sourcecode.swift; path = StudentLocationModel.swift; sourceTree = "<group>"; };
		331C3C731CBC6EBD005B65CD /* LocationAnnotation.swift */ = {isa = PBXFileReference; fileEncoding = 4; lastKnownFileType = sourcecode.swift; path = LocationAnnotation.swift; sourceTree = "<group>"; };
		331C3C751CBCA786005B65CD /* FBSDKCoreKit.framework */ = {isa = PBXFileReference; lastKnownFileType = wrapper.framework; path = FBSDKCoreKit.framework; sourceTree = "<group>"; };
		331C3C771CBCAE31005B65CD /* Bridging-Header.h */ = {isa = PBXFileReference; lastKnownFileType = sourcecode.c.h; path = "Bridging-Header.h"; sourceTree = "<group>"; };
		331C3C781CBCB63F005B65CD /* FBSDKLoginKit.framework */ = {isa = PBXFileReference; lastKnownFileType = wrapper.framework; path = FBSDKLoginKit.framework; sourceTree = "<group>"; };
		331C3C7A1CBD5B6C005B65CD /* SystemConfiguration.framework */ = {isa = PBXFileReference; lastKnownFileType = wrapper.framework; name = SystemConfiguration.framework; path = System/Library/Frameworks/SystemConfiguration.framework; sourceTree = SDKROOT; };
		331C3C7C1CBD5C9C005B65CD /* Reachability.h */ = {isa = PBXFileReference; fileEncoding = 4; lastKnownFileType = sourcecode.c.h; path = Reachability.h; sourceTree = "<group>"; };
		331C3C7D1CBD5C9C005B65CD /* Reachability.m */ = {isa = PBXFileReference; fileEncoding = 4; lastKnownFileType = sourcecode.c.objc; path = Reachability.m; sourceTree = "<group>"; };
		331C3C7F1CBE091F005B65CD /* CoreLocation.framework */ = {isa = PBXFileReference; lastKnownFileType = wrapper.framework; name = CoreLocation.framework; path = System/Library/Frameworks/CoreLocation.framework; sourceTree = SDKROOT; };
		333C702F1CB834FD00E90E2A /* NetworkArchitecture.swift */ = {isa = PBXFileReference; fileEncoding = 4; lastKnownFileType = sourcecode.swift; path = NetworkArchitecture.swift; sourceTree = "<group>"; };
		333C70311CB835AD00E90E2A /* BaseVC.swift */ = {isa = PBXFileReference; fileEncoding = 4; lastKnownFileType = sourcecode.swift; path = BaseVC.swift; sourceTree = "<group>"; };
		33BF60371CB468D700B40D6D /* On the Map.app */ = {isa = PBXFileReference; explicitFileType = wrapper.application; includeInIndex = 0; path = "On the Map.app"; sourceTree = BUILT_PRODUCTS_DIR; };
		33BF603A1CB468D700B40D6D /* AppDelegate.swift */ = {isa = PBXFileReference; lastKnownFileType = sourcecode.swift; path = AppDelegate.swift; sourceTree = "<group>"; };
		33BF603F1CB468D700B40D6D /* Base */ = {isa = PBXFileReference; lastKnownFileType = file.storyboard; name = Base; path = Base.lproj/Main.storyboard; sourceTree = "<group>"; };
		33BF60411CB468D700B40D6D /* Assets.xcassets */ = {isa = PBXFileReference; lastKnownFileType = folder.assetcatalog; path = Assets.xcassets; sourceTree = "<group>"; };
		33BF60441CB468D700B40D6D /* Base */ = {isa = PBXFileReference; lastKnownFileType = file.storyboard; name = Base; path = Base.lproj/LaunchScreen.storyboard; sourceTree = "<group>"; };
		33BF60461CB468D700B40D6D /* Info.plist */ = {isa = PBXFileReference; lastKnownFileType = text.plist.xml; path = Info.plist; sourceTree = "<group>"; };
		33BF604C1CB48BE600B40D6D /* LoginVC.swift */ = {isa = PBXFileReference; fileEncoding = 4; lastKnownFileType = sourcecode.swift; path = LoginVC.swift; sourceTree = "<group>"; };
		33BF604E1CB48BF700B40D6D /* MapVC.swift */ = {isa = PBXFileReference; fileEncoding = 4; lastKnownFileType = sourcecode.swift; path = MapVC.swift; sourceTree = "<group>"; };
		33BF60501CB48BFF00B40D6D /* TableVC.swift */ = {isa = PBXFileReference; fileEncoding = 4; lastKnownFileType = sourcecode.swift; path = TableVC.swift; sourceTree = "<group>"; };
		33BF60521CB48C0D00B40D6D /* InfoPostingVC.swift */ = {isa = PBXFileReference; fileEncoding = 4; lastKnownFileType = sourcecode.swift; path = InfoPostingVC.swift; sourceTree = "<group>"; };
		33FC2F641CB5944100039C8F /* MapKit.framework */ = {isa = PBXFileReference; lastKnownFileType = wrapper.framework; name = MapKit.framework; path = System/Library/Frameworks/MapKit.framework; sourceTree = SDKROOT; };
/* End PBXFileReference section */

/* Begin PBXFrameworksBuildPhase section */
		33BF60341CB468D700B40D6D /* Frameworks */ = {
			isa = PBXFrameworksBuildPhase;
			buildActionMask = 2147483647;
			files = (
				331C3C801CBE091F005B65CD /* CoreLocation.framework in Frameworks */,
				331C3C7B1CBD5B6C005B65CD /* SystemConfiguration.framework in Frameworks */,
				33FC2F651CB5944100039C8F /* MapKit.framework in Frameworks */,
				331C3C761CBCA786005B65CD /* FBSDKCoreKit.framework in Frameworks */,
				331C3C791CBCB63F005B65CD /* FBSDKLoginKit.framework in Frameworks */,
			);
			runOnlyForDeploymentPostprocessing = 0;
		};
/* End PBXFrameworksBuildPhase section */

/* Begin PBXGroup section */
		33BF602E1CB468D700B40D6D = {
			isa = PBXGroup;
			children = (
				33BF60391CB468D700B40D6D /* On the Map */,
				33BF60381CB468D700B40D6D /* Products */,
				331C3C7F1CBE091F005B65CD /* CoreLocation.framework */,
				331C3C781CBCB63F005B65CD /* FBSDKLoginKit.framework */,
				331C3C751CBCA786005B65CD /* FBSDKCoreKit.framework */,
				331C3C7A1CBD5B6C005B65CD /* SystemConfiguration.framework */,
				33FC2F641CB5944100039C8F /* MapKit.framework */,
			);
			sourceTree = "<group>";
		};
		33BF60381CB468D700B40D6D /* Products */ = {
			isa = PBXGroup;
			children = (
				33BF60371CB468D700B40D6D /* On the Map.app */,
			);
			name = Products;
			sourceTree = "<group>";
		};
		33BF60391CB468D700B40D6D /* On the Map */ = {
			isa = PBXGroup;
			children = (
				33BF603E1CB468D700B40D6D /* Main.storyboard */,
				33BF603A1CB468D700B40D6D /* AppDelegate.swift */,
				333C70311CB835AD00E90E2A /* BaseVC.swift */,
				33BF604C1CB48BE600B40D6D /* LoginVC.swift */,
				33BF604E1CB48BF700B40D6D /* MapVC.swift */,
				33BF60501CB48BFF00B40D6D /* TableVC.swift */,
				33BF60521CB48C0D00B40D6D /* InfoPostingVC.swift */,
				333C702F1CB834FD00E90E2A /* NetworkArchitecture.swift */,
				331C3C711CBAE50C005B65CD /* StudentLocationModel.swift */,
				331C3C731CBC6EBD005B65CD /* LocationAnnotation.swift */,
				331C3C771CBCAE31005B65CD /* Bridging-Header.h */,
				331C3C7C1CBD5C9C005B65CD /* Reachability.h */,
				331C3C7D1CBD5C9C005B65CD /* Reachability.m */,
				33BF60411CB468D700B40D6D /* Assets.xcassets */,
				33BF60431CB468D700B40D6D /* LaunchScreen.storyboard */,
				33BF60461CB468D700B40D6D /* Info.plist */,
			);
			path = "On the Map";
			sourceTree = "<group>";
		};
/* End PBXGroup section */

/* Begin PBXNativeTarget section */
		33BF60361CB468D700B40D6D /* On the Map */ = {
			isa = PBXNativeTarget;
			buildConfigurationList = 33BF60491CB468D700B40D6D /* Build configuration list for PBXNativeTarget "On the Map" */;
			buildPhases = (
				33BF60331CB468D700B40D6D /* Sources */,
				33BF60341CB468D700B40D6D /* Frameworks */,
				33BF60351CB468D700B40D6D /* Resources */,
			);
			buildRules = (
			);
			dependencies = (
			);
			name = "On the Map";
			productName = "On the Map";
			productReference = 33BF60371CB468D700B40D6D /* On the Map.app */;
			productType = "com.apple.product-type.application";
		};
/* End PBXNativeTarget section */

/* Begin PBXProject section */
		33BF602F1CB468D700B40D6D /* Project object */ = {
			isa = PBXProject;
			attributes = {
				LastSwiftUpdateCheck = 0730;
				LastUpgradeCheck = 0730;
				ORGANIZATIONNAME = inailuy;
				TargetAttributes = {
					33BF60361CB468D700B40D6D = {
						CreatedOnToolsVersion = 7.3;
						SystemCapabilities = {
							com.apple.Maps.iOS = {
								enabled = 1;
							};
						};
					};
				};
			};
			buildConfigurationList = 33BF60321CB468D700B40D6D /* Build configuration list for PBXProject "On the Map" */;
			compatibilityVersion = "Xcode 3.2";
			developmentRegion = English;
			hasScannedForEncodings = 0;
			knownRegions = (
				en,
				Base,
			);
			mainGroup = 33BF602E1CB468D700B40D6D;
			productRefGroup = 33BF60381CB468D700B40D6D /* Products */;
			projectDirPath = "";
			projectRoot = "";
			targets = (
				33BF60361CB468D700B40D6D /* On the Map */,
			);
		};
/* End PBXProject section */

/* Begin PBXResourcesBuildPhase section */
		33BF60351CB468D700B40D6D /* Resources */ = {
			isa = PBXResourcesBuildPhase;
			buildActionMask = 2147483647;
			files = (
				33BF60451CB468D700B40D6D /* LaunchScreen.storyboard in Resources */,
				33BF60421CB468D700B40D6D /* Assets.xcassets in Resources */,
				33BF60401CB468D700B40D6D /* Main.storyboard in Resources */,
			);
			runOnlyForDeploymentPostprocessing = 0;
		};
/* End PBXResourcesBuildPhase section */

/* Begin PBXSourcesBuildPhase section */
		33BF60331CB468D700B40D6D /* Sources */ = {
			isa = PBXSourcesBuildPhase;
			buildActionMask = 2147483647;
			files = (
				33BF604F1CB48BF700B40D6D /* MapVC.swift in Sources */,
				331C3C721CBAE50C005B65CD /* StudentLocationModel.swift in Sources */,
				33BF603B1CB468D700B40D6D /* AppDelegate.swift in Sources */,
				331C3C7E1CBD5C9C005B65CD /* Reachability.m in Sources */,
				333C70321CB835AD00E90E2A /* BaseVC.swift in Sources */,
				333C70301CB834FD00E90E2A /* NetworkArchitecture.swift in Sources */,
				33BF60531CB48C0D00B40D6D /* InfoPostingVC.swift in Sources */,
				33BF60511CB48BFF00B40D6D /* TableVC.swift in Sources */,
				33BF604D1CB48BE600B40D6D /* LoginVC.swift in Sources */,
				331C3C741CBC6EBD005B65CD /* LocationAnnotation.swift in Sources */,
			);
			runOnlyForDeploymentPostprocessing = 0;
		};
/* End PBXSourcesBuildPhase section */

/* Begin PBXVariantGroup section */
		33BF603E1CB468D700B40D6D /* Main.storyboard */ = {
			isa = PBXVariantGroup;
			children = (
				33BF603F1CB468D700B40D6D /* Base */,
			);
			name = Main.storyboard;
			sourceTree = "<group>";
		};
		33BF60431CB468D700B40D6D /* LaunchScreen.storyboard */ = {
			isa = PBXVariantGroup;
			children = (
				33BF60441CB468D700B40D6D /* Base */,
			);
			name = LaunchScreen.storyboard;
			sourceTree = "<group>";
		};
/* End PBXVariantGroup section */

/* Begin XCBuildConfiguration section */
		33BF60471CB468D700B40D6D /* Debug */ = {
			isa = XCBuildConfiguration;
			buildSettings = {
				ALWAYS_SEARCH_USER_PATHS = NO;
				CLANG_ANALYZER_NONNULL = YES;
				CLANG_CXX_LANGUAGE_STANDARD = "gnu++0x";
				CLANG_CXX_LIBRARY = "libc++";
				CLANG_ENABLE_MODULES = YES;
				CLANG_ENABLE_OBJC_ARC = YES;
				CLANG_WARN_BOOL_CONVERSION = YES;
				CLANG_WARN_CONSTANT_CONVERSION = YES;
				CLANG_WARN_DIRECT_OBJC_ISA_USAGE = YES_ERROR;
				CLANG_WARN_EMPTY_BODY = YES;
				CLANG_WARN_ENUM_CONVERSION = YES;
				CLANG_WARN_INT_CONVERSION = YES;
				CLANG_WARN_OBJC_ROOT_CLASS = YES_ERROR;
				CLANG_WARN_UNREACHABLE_CODE = YES;
				CLANG_WARN__DUPLICATE_METHOD_MATCH = YES;
				"CODE_SIGN_IDENTITY[sdk=iphoneos*]" = "iPhone Developer";
				COPY_PHASE_STRIP = NO;
				DEBUG_INFORMATION_FORMAT = dwarf;
				ENABLE_STRICT_OBJC_MSGSEND = YES;
				ENABLE_TESTABILITY = YES;
				GCC_C_LANGUAGE_STANDARD = gnu99;
				GCC_DYNAMIC_NO_PIC = NO;
				GCC_NO_COMMON_BLOCKS = YES;
				GCC_OPTIMIZATION_LEVEL = 0;
				GCC_PREPROCESSOR_DEFINITIONS = (
					"DEBUG=1",
					"$(inherited)",
				);
				GCC_WARN_64_TO_32_BIT_CONVERSION = YES;
				GCC_WARN_ABOUT_RETURN_TYPE = YES_ERROR;
				GCC_WARN_UNDECLARED_SELECTOR = YES;
				GCC_WARN_UNINITIALIZED_AUTOS = YES_AGGRESSIVE;
				GCC_WARN_UNUSED_FUNCTION = YES;
				GCC_WARN_UNUSED_VARIABLE = YES;
				IPHONEOS_DEPLOYMENT_TARGET = 9.3;
				MTL_ENABLE_DEBUG_INFO = YES;
				ONLY_ACTIVE_ARCH = YES;
				SDKROOT = iphoneos;
				SWIFT_OPTIMIZATION_LEVEL = "-Onone";
				TARGETED_DEVICE_FAMILY = "1,2";
			};
			name = Debug;
		};
		33BF60481CB468D700B40D6D /* Release */ = {
			isa = XCBuildConfiguration;
			buildSettings = {
				ALWAYS_SEARCH_USER_PATHS = NO;
				CLANG_ANALYZER_NONNULL = YES;
				CLANG_CXX_LANGUAGE_STANDARD = "gnu++0x";
				CLANG_CXX_LIBRARY = "libc++";
				CLANG_ENABLE_MODULES = YES;
				CLANG_ENABLE_OBJC_ARC = YES;
				CLANG_WARN_BOOL_CONVERSION = YES;
				CLANG_WARN_CONSTANT_CONVERSION = YES;
				CLANG_WARN_DIRECT_OBJC_ISA_USAGE = YES_ERROR;
				CLANG_WARN_EMPTY_BODY = YES;
				CLANG_WARN_ENUM_CONVERSION = YES;
				CLANG_WARN_INT_CONVERSION = YES;
				CLANG_WARN_OBJC_ROOT_CLASS = YES_ERROR;
				CLANG_WARN_UNREACHABLE_CODE = YES;
				CLANG_WARN__DUPLICATE_METHOD_MATCH = YES;
				"CODE_SIGN_IDENTITY[sdk=iphoneos*]" = "iPhone Developer";
				COPY_PHASE_STRIP = NO;
				DEBUG_INFORMATION_FORMAT = "dwarf-with-dsym";
				ENABLE_NS_ASSERTIONS = NO;
				ENABLE_STRICT_OBJC_MSGSEND = YES;
				GCC_C_LANGUAGE_STANDARD = gnu99;
				GCC_NO_COMMON_BLOCKS = YES;
				GCC_WARN_64_TO_32_BIT_CONVERSION = YES;
				GCC_WARN_ABOUT_RETURN_TYPE = YES_ERROR;
				GCC_WARN_UNDECLARED_SELECTOR = YES;
				GCC_WARN_UNINITIALIZED_AUTOS = YES_AGGRESSIVE;
				GCC_WARN_UNUSED_FUNCTION = YES;
				GCC_WARN_UNUSED_VARIABLE = YES;
				IPHONEOS_DEPLOYMENT_TARGET = 9.3;
				MTL_ENABLE_DEBUG_INFO = NO;
				SDKROOT = iphoneos;
				TARGETED_DEVICE_FAMILY = "1,2";
				VALIDATE_PRODUCT = YES;
			};
			name = Release;
		};
		33BF604A1CB468D700B40D6D /* Debug */ = {
			isa = XCBuildConfiguration;
			buildSettings = {
				ASSETCATALOG_COMPILER_APPICON_NAME = AppIcon;
				FRAMEWORK_SEARCH_PATHS = (
					"$(inherited)",
					"$(PROJECT_DIR)",
				);
				HEADER_SEARCH_PATHS = "";
				INFOPLIST_FILE = "On the Map/Info.plist";
				LD_RUNPATH_SEARCH_PATHS = "$(inherited) @executable_path/Frameworks";
				PRODUCT_BUNDLE_IDENTIFIER = "Udacity.On-the-Map";
				PRODUCT_NAME = "$(TARGET_NAME)";
				SWIFT_OBJC_BRIDGING_HEADER = "On the Map/Bridging-Header.h";
			};
			name = Debug;
		};
		33BF604B1CB468D700B40D6D /* Release */ = {
			isa = XCBuildConfiguration;
			buildSettings = {
				ASSETCATALOG_COMPILER_APPICON_NAME = AppIcon;
				FRAMEWORK_SEARCH_PATHS = (
					"$(inherited)",
					"$(PROJECT_DIR)",
				);
				HEADER_SEARCH_PATHS = "";
				INFOPLIST_FILE = "On the Map/Info.plist";
				LD_RUNPATH_SEARCH_PATHS = "$(inherited) @executable_path/Frameworks";
				PRODUCT_BUNDLE_IDENTIFIER = "Udacity.On-the-Map";
				PRODUCT_NAME = "$(TARGET_NAME)";
				SWIFT_OBJC_BRIDGING_HEADER = "On the Map/Bridging-Header.h";
			};
			name = Release;
		};
/* End XCBuildConfiguration section */

/* Begin XCConfigurationList section */
		33BF60321CB468D700B40D6D /* Build configuration list for PBXProject "On the Map" */ = {
			isa = XCConfigurationList;
			buildConfigurations = (
				33BF60471CB468D700B40D6D /* Debug */,
				33BF60481CB468D700B40D6D /* Release */,
			);
			defaultConfigurationIsVisible = 0;
			defaultConfigurationName = Release;
		};
		33BF60491CB468D700B40D6D /* Build configuration list for PBXNativeTarget "On the Map" */ = {
			isa = XCConfigurationList;
			buildConfigurations = (
				33BF604A1CB468D700B40D6D /* Debug */,
				33BF604B1CB468D700B40D6D /* Release */,
			);
			defaultConfigurationIsVisible = 0;
			defaultConfigurationName = Release;
		};
/* End XCConfigurationList section */
	};
	rootObject = 33BF602F1CB468D700B40D6D /* Project object */;
}
